
Microsoft Visual Studio Solution File, Format Version 12.00
# Visual Studio Version 16
VisualStudioVersion = 16.0.30309.148
MinimumVisualStudioVersion = 10.0.40219.1
Project("{9A19103F-16F7-4668-BE54-9A1E7A4F7556}") = "BeerOverflow.Models", "BeerOverflow.Models\BeerOverflow.Models.csproj", "{04CBF003-9EFE-46BA-9E55-51425988008B}"
EndProject
Project("{FAE04EC0-301F-11D3-BF4B-00C04F79EFBC}") = "BeerOverflow.Database", "BeerOverflow.Database\BeerOverflow.Database.csproj", "{9F627EAF-7371-4CC8-B16D-E48978DB12E1}"
EndProject
Global
	GlobalSection(SolutionConfigurationPlatforms) = preSolution
		Debug|Any CPU = Debug|Any CPU
		Release|Any CPU = Release|Any CPU
	EndGlobalSection
	GlobalSection(ProjectConfigurationPlatforms) = postSolution
		{04CBF003-9EFE-46BA-9E55-51425988008B}.Debug|Any CPU.ActiveCfg = Debug|Any CPU
		{04CBF003-9EFE-46BA-9E55-51425988008B}.Debug|Any CPU.Build.0 = Debug|Any CPU
		{04CBF003-9EFE-46BA-9E55-51425988008B}.Release|Any CPU.ActiveCfg = Release|Any CPU
		{04CBF003-9EFE-46BA-9E55-51425988008B}.Release|Any CPU.Build.0 = Release|Any CPU
		{9F627EAF-7371-4CC8-B16D-E48978DB12E1}.Debug|Any CPU.ActiveCfg = Debug|Any CPU
		{9F627EAF-7371-4CC8-B16D-E48978DB12E1}.Debug|Any CPU.Build.0 = Debug|Any CPU
		{9F627EAF-7371-4CC8-B16D-E48978DB12E1}.Release|Any CPU.ActiveCfg = Release|Any CPU
		{9F627EAF-7371-4CC8-B16D-E48978DB12E1}.Release|Any CPU.Build.0 = Release|Any CPU
	EndGlobalSection
	GlobalSection(SolutionProperties) = preSolution
		HideSolutionNode = FALSE
	EndGlobalSection
	GlobalSection(ExtensibilityGlobals) = postSolution
		SolutionGuid = {50C81A1F-9AD6-4966-B3C1-70F0A5604C7A}
	EndGlobalSection
EndGlobal
